
Microsoft Visual Studio Solution File, Format Version 12.00
# Visual Studio 15
VisualStudioVersion = 15.0.36001.139
MinimumVisualStudioVersion = 10.0.40219.1
Project("{FAE04EC0-301F-11D3-BF4B-00C04F79EFBC}") = "Addresses", "Addresses.csproj", "{3518655D-2922-4E78-8875-C38CE7B15ADF}"
EndProject
Global
	GlobalSection(SolutionConfigurationPlatforms) = preSolution
		Debug|Any CPU = Debug|Any CPU
	EndGlobalSection
	GlobalSection(ProjectConfigurationPlatforms) = postSolution
		{3518655D-2922-4E78-8875-C38CE7B15ADF}.Debug|Any CPU.ActiveCfg = Debug|Any CPU
		{3518655D-2922-4E78-8875-C38CE7B15ADF}.Debug|Any CPU.Build.0 = Debug|Any CPU
	EndGlobalSection
	GlobalSection(SolutionProperties) = preSolution
		HideSolutionNode = FALSE
	EndGlobalSection
	GlobalSection(ExtensibilityGlobals) = postSolution
		SolutionGuid = {C5AE6508-8CF0-42C1-9373-9F8760460986}
	EndGlobalSection
EndGlobal
